
Microsoft Visual Studio Solution File, Format Version 12.00
# Visual Studio Version 17
VisualStudioVersion = 17.3.32825.248
MinimumVisualStudioVersion = 10.0.40219.1
Project("{FAE04EC0-301F-11D3-BF4B-00C04F79EFBC}") = "Lab5GrundernaOOP", "Lab5GrundernaOOP\Lab5GrundernaOOP.csproj", "{72F1BE54-4B26-44B0-A70B-33E67184B994}"
EndProject
Global
	GlobalSection(SolutionConfigurationPlatforms) = preSolution
		Debug|Any CPU = Debug|Any CPU
		Release|Any CPU = Release|Any CPU
	EndGlobalSection
	GlobalSection(ProjectConfigurationPlatforms) = postSolution
		{72F1BE54-4B26-44B0-A70B-33E67184B994}.Debug|Any CPU.ActiveCfg = Debug|Any CPU
		{72F1BE54-4B26-44B0-A70B-33E67184B994}.Debug|Any CPU.Build.0 = Debug|Any CPU
		{72F1BE54-4B26-44B0-A70B-33E67184B994}.Release|Any CPU.ActiveCfg = Release|Any CPU
		{72F1BE54-4B26-44B0-A70B-33E67184B994}.Release|Any CPU.Build.0 = Release|Any CPU
	EndGlobalSection
	GlobalSection(SolutionProperties) = preSolution
		HideSolutionNode = FALSE
	EndGlobalSection
	GlobalSection(ExtensibilityGlobals) = postSolution
		SolutionGuid = {14869941-5127-4140-B0FB-7CD41245C798}
	EndGlobalSection
EndGlobal
